// !$*UTF8*$!
{
	archiveVersion = 1;
	classes = {
	};
	objectVersion = 50;
	objects = {

/* Begin PBXBuildFile section */
		027D03E6EC54E6B3D209C236 /* Pods_Musixuffle.framework in Frameworks */ = {isa = PBXBuildFile; fileRef = 7F3D7BCB5F18100BD89B5161 /* Pods_Musixuffle.framework */; };
		471EA84C2106BB7C00FEB317 /* SpotifyAuthPage.m in Sources */ = {isa = PBXBuildFile; fileRef = 471EA84B2106BB7C00FEB317 /* SpotifyAuthPage.m */; };
		47BD2BD12107B26000BA089B /* SpotifyAPIController.m in Sources */ = {isa = PBXBuildFile; fileRef = 47BD2BD02107B26000BA089B /* SpotifyAPIController.m */; };
		47BD2BD42107B3D100BA089B /* TestViewController.m in Sources */ = {isa = PBXBuildFile; fileRef = 47BD2BD32107B3D100BA089B /* TestViewController.m */; };
		47BD2BD72107C15200BA089B /* SplashScreenViewController.m in Sources */ = {isa = PBXBuildFile; fileRef = 47BD2BD62107C15200BA089B /* SplashScreenViewController.m */; };
		561DC52821068CEC00F68C23 /* AppDelegate.m in Sources */ = {isa = PBXBuildFile; fileRef = 561DC52721068CEC00F68C23 /* AppDelegate.m */; };
		561DC52E21068CEC00F68C23 /* Main.storyboard in Resources */ = {isa = PBXBuildFile; fileRef = 561DC52C21068CEC00F68C23 /* Main.storyboard */; };
		561DC53021068CF100F68C23 /* Assets.xcassets in Resources */ = {isa = PBXBuildFile; fileRef = 561DC52F21068CF100F68C23 /* Assets.xcassets */; };
		561DC53321068CF100F68C23 /* LaunchScreen.storyboard in Resources */ = {isa = PBXBuildFile; fileRef = 561DC53121068CF100F68C23 /* LaunchScreen.storyboard */; };
		561DC53621068CF100F68C23 /* main.m in Sources */ = {isa = PBXBuildFile; fileRef = 561DC53521068CF100F68C23 /* main.m */; };
		561DC53A21068CF100F68C23 /* Musixuffle WatchKit App.app in Embed Watch Content */ = {isa = PBXBuildFile; fileRef = 561DC53921068CF100F68C23 /* Musixuffle WatchKit App.app */; };
		561DC54021068CF100F68C23 /* Interface.storyboard in Resources */ = {isa = PBXBuildFile; fileRef = 561DC53E21068CF100F68C23 /* Interface.storyboard */; };
		561DC54221068CF200F68C23 /* Assets.xcassets in Resources */ = {isa = PBXBuildFile; fileRef = 561DC54121068CF200F68C23 /* Assets.xcassets */; };
		561DC54921068CF200F68C23 /* Musixuffle WatchKit Extension.appex in Embed App Extensions */ = {isa = PBXBuildFile; fileRef = 561DC54821068CF200F68C23 /* Musixuffle WatchKit Extension.appex */; settings = {ATTRIBUTES = (RemoveHeadersOnCopy, ); }; };
		561DC55521068CF200F68C23 /* NotificationController.m in Sources */ = {isa = PBXBuildFile; fileRef = 561DC55421068CF200F68C23 /* NotificationController.m */; };
		561DC55721068CF300F68C23 /* Assets.xcassets in Resources */ = {isa = PBXBuildFile; fileRef = 561DC55621068CF300F68C23 /* Assets.xcassets */; };
		561DC56A210690CB00F68C23 /* HealthKit.framework in Frameworks */ = {isa = PBXBuildFile; fileRef = 561DC569210690CB00F68C23 /* HealthKit.framework */; };
		561DC57421069AD800F68C23 /* ExtensionDelegate.m in Sources */ = {isa = PBXBuildFile; fileRef = 561DC57321069AD800F68C23 /* ExtensionDelegate.m */; };
		561DC57521069B2F00F68C23 /* MXInterfaceController.m in Sources */ = {isa = PBXBuildFile; fileRef = 561DC5712106996400F68C23 /* MXInterfaceController.m */; };
		561DC57721069CFC00F68C23 /* HealthKit.framework in Frameworks */ = {isa = PBXBuildFile; fileRef = 561DC57621069CFC00F68C23 /* HealthKit.framework */; };
		563C7B902106EB49009C00C8 /* SpotifyMetadata.framework in Frameworks */ = {isa = PBXBuildFile; fileRef = 563C7B8D2106EB49009C00C8 /* SpotifyMetadata.framework */; };
		563C7B912106EB49009C00C8 /* SpotifyAudioPlayback.framework in Frameworks */ = {isa = PBXBuildFile; fileRef = 563C7B8E2106EB49009C00C8 /* SpotifyAudioPlayback.framework */; };
		563C7B922106EB49009C00C8 /* SpotifyAuthentication.framework in Frameworks */ = {isa = PBXBuildFile; fileRef = 563C7B8F2106EB49009C00C8 /* SpotifyAuthentication.framework */; };
		5654E5AB2106ECB500DF32B0 /* WebViewController.m in Sources */ = {isa = PBXBuildFile; fileRef = 5654E5A92106ECB500DF32B0 /* WebViewController.m */; };
/* End PBXBuildFile section */

/* Begin PBXContainerItemProxy section */
		561DC53B21068CF100F68C23 /* PBXContainerItemProxy */ = {
			isa = PBXContainerItemProxy;
			containerPortal = 561DC51B21068CEB00F68C23 /* Project object */;
			proxyType = 1;
			remoteGlobalIDString = 561DC53821068CF100F68C23;
			remoteInfo = "Musixuffle WatchKit App";
		};
		561DC54A21068CF200F68C23 /* PBXContainerItemProxy */ = {
			isa = PBXContainerItemProxy;
			containerPortal = 561DC51B21068CEB00F68C23 /* Project object */;
			proxyType = 1;
			remoteGlobalIDString = 561DC54721068CF200F68C23;
			remoteInfo = "Musixuffle WatchKit Extension";
		};
/* End PBXContainerItemProxy section */

/* Begin PBXCopyFilesBuildPhase section */
		561DC55F21068CF300F68C23 /* Embed App Extensions */ = {
			isa = PBXCopyFilesBuildPhase;
			buildActionMask = 2147483647;
			dstPath = "";
			dstSubfolderSpec = 13;
			files = (
				561DC54921068CF200F68C23 /* Musixuffle WatchKit Extension.appex in Embed App Extensions */,
			);
			name = "Embed App Extensions";
			runOnlyForDeploymentPostprocessing = 0;
		};
		561DC56321068CF300F68C23 /* Embed Watch Content */ = {
			isa = PBXCopyFilesBuildPhase;
			buildActionMask = 2147483647;
			dstPath = "$(CONTENTS_FOLDER_PATH)/Watch";
			dstSubfolderSpec = 16;
			files = (
				561DC53A21068CF100F68C23 /* Musixuffle WatchKit App.app in Embed Watch Content */,
			);
			name = "Embed Watch Content";
			runOnlyForDeploymentPostprocessing = 0;
		};
/* End PBXCopyFilesBuildPhase section */

/* Begin PBXFileReference section */
		1A7CE944539608FBF0469AFA /* Pods-Musixuffle.debug.xcconfig */ = {isa = PBXFileReference; includeInIndex = 1; lastKnownFileType = text.xcconfig; name = "Pods-Musixuffle.debug.xcconfig"; path = "Pods/Target Support Files/Pods-Musixuffle/Pods-Musixuffle.debug.xcconfig"; sourceTree = "<group>"; };
		387B6D15C4A79BBA9248E1CD /* Pods_Musixuffle_WatchKit_App.framework */ = {isa = PBXFileReference; explicitFileType = wrapper.framework; includeInIndex = 0; path = Pods_Musixuffle_WatchKit_App.framework; sourceTree = BUILT_PRODUCTS_DIR; };
		471EA84A2106BB7C00FEB317 /* SpotifyAuthPage.h */ = {isa = PBXFileReference; lastKnownFileType = sourcecode.c.h; path = SpotifyAuthPage.h; sourceTree = "<group>"; };
		471EA84B2106BB7C00FEB317 /* SpotifyAuthPage.m */ = {isa = PBXFileReference; lastKnownFileType = sourcecode.c.objc; path = SpotifyAuthPage.m; sourceTree = "<group>"; };
		473889B92106AF720004E3C1 /* SDWebImage.framework */ = {isa = PBXFileReference; explicitFileType = wrapper.framework; path = SDWebImage.framework; sourceTree = BUILT_PRODUCTS_DIR; };
		473889BB2106B36A0004E3C1 /* SDWebImage.framework */ = {isa = PBXFileReference; explicitFileType = wrapper.framework; path = SDWebImage.framework; sourceTree = BUILT_PRODUCTS_DIR; };
		473889BD2106B43E0004E3C1 /* SDWebImage.framework */ = {isa = PBXFileReference; explicitFileType = wrapper.framework; path = SDWebImage.framework; sourceTree = BUILT_PRODUCTS_DIR; };
		47BD2BCF2107B25F00BA089B /* SpotifyAPIController.h */ = {isa = PBXFileReference; lastKnownFileType = sourcecode.c.h; path = SpotifyAPIController.h; sourceTree = "<group>"; };
		47BD2BD02107B26000BA089B /* SpotifyAPIController.m */ = {isa = PBXFileReference; lastKnownFileType = sourcecode.c.objc; path = SpotifyAPIController.m; sourceTree = "<group>"; };
		47BD2BD22107B3D100BA089B /* TestViewController.h */ = {isa = PBXFileReference; lastKnownFileType = sourcecode.c.h; path = TestViewController.h; sourceTree = "<group>"; };
		47BD2BD32107B3D100BA089B /* TestViewController.m */ = {isa = PBXFileReference; lastKnownFileType = sourcecode.c.objc; path = TestViewController.m; sourceTree = "<group>"; };
		47BD2BD52107C15200BA089B /* SplashScreenViewController.h */ = {isa = PBXFileReference; lastKnownFileType = sourcecode.c.h; path = SplashScreenViewController.h; sourceTree = "<group>"; };
		47BD2BD62107C15200BA089B /* SplashScreenViewController.m */ = {isa = PBXFileReference; lastKnownFileType = sourcecode.c.objc; path = SplashScreenViewController.m; sourceTree = "<group>"; };
		47BED4312107024E009FF862 /* Config.h */ = {isa = PBXFileReference; fileEncoding = 4; lastKnownFileType = sourcecode.c.h; path = Config.h; sourceTree = "<group>"; };
		561DC52321068CEB00F68C23 /* Musixuffle.app */ = {isa = PBXFileReference; explicitFileType = wrapper.application; includeInIndex = 0; path = Musixuffle.app; sourceTree = BUILT_PRODUCTS_DIR; };
		561DC52621068CEC00F68C23 /* AppDelegate.h */ = {isa = PBXFileReference; lastKnownFileType = sourcecode.c.h; path = AppDelegate.h; sourceTree = "<group>"; };
		561DC52721068CEC00F68C23 /* AppDelegate.m */ = {isa = PBXFileReference; lastKnownFileType = sourcecode.c.objc; path = AppDelegate.m; sourceTree = "<group>"; };
		561DC52D21068CEC00F68C23 /* Base */ = {isa = PBXFileReference; lastKnownFileType = file.storyboard; name = Base; path = Base.lproj/Main.storyboard; sourceTree = "<group>"; };
		561DC52F21068CF100F68C23 /* Assets.xcassets */ = {isa = PBXFileReference; lastKnownFileType = folder.assetcatalog; path = Assets.xcassets; sourceTree = "<group>"; };
		561DC53221068CF100F68C23 /* Base */ = {isa = PBXFileReference; lastKnownFileType = file.storyboard; name = Base; path = Base.lproj/LaunchScreen.storyboard; sourceTree = "<group>"; };
		561DC53421068CF100F68C23 /* Info.plist */ = {isa = PBXFileReference; lastKnownFileType = text.plist.xml; path = Info.plist; sourceTree = "<group>"; };
		561DC53521068CF100F68C23 /* main.m */ = {isa = PBXFileReference; lastKnownFileType = sourcecode.c.objc; path = main.m; sourceTree = "<group>"; };
		561DC53921068CF100F68C23 /* Musixuffle WatchKit App.app */ = {isa = PBXFileReference; explicitFileType = wrapper.application; includeInIndex = 0; path = "Musixuffle WatchKit App.app"; sourceTree = BUILT_PRODUCTS_DIR; };
		561DC53F21068CF100F68C23 /* Base */ = {isa = PBXFileReference; lastKnownFileType = file.storyboard; name = Base; path = Base.lproj/Interface.storyboard; sourceTree = "<group>"; };
		561DC54121068CF200F68C23 /* Assets.xcassets */ = {isa = PBXFileReference; lastKnownFileType = folder.assetcatalog; path = Assets.xcassets; sourceTree = "<group>"; };
		561DC54321068CF200F68C23 /* Info.plist */ = {isa = PBXFileReference; lastKnownFileType = text.plist.xml; path = Info.plist; sourceTree = "<group>"; };
		561DC54821068CF200F68C23 /* Musixuffle WatchKit Extension.appex */ = {isa = PBXFileReference; explicitFileType = "wrapper.app-extension"; includeInIndex = 0; path = "Musixuffle WatchKit Extension.appex"; sourceTree = BUILT_PRODUCTS_DIR; };
		561DC55321068CF200F68C23 /* NotificationController.h */ = {isa = PBXFileReference; lastKnownFileType = sourcecode.c.h; path = NotificationController.h; sourceTree = "<group>"; };
		561DC55421068CF200F68C23 /* NotificationController.m */ = {isa = PBXFileReference; lastKnownFileType = sourcecode.c.objc; path = NotificationController.m; sourceTree = "<group>"; };
		561DC55621068CF300F68C23 /* Assets.xcassets */ = {isa = PBXFileReference; lastKnownFileType = folder.assetcatalog; path = Assets.xcassets; sourceTree = "<group>"; };
		561DC55821068CF300F68C23 /* Info.plist */ = {isa = PBXFileReference; lastKnownFileType = text.plist.xml; path = Info.plist; sourceTree = "<group>"; };
		561DC55921068CF300F68C23 /* PushNotificationPayload.apns */ = {isa = PBXFileReference; lastKnownFileType = text; path = PushNotificationPayload.apns; sourceTree = "<group>"; };
		561DC567210690CB00F68C23 /* Musixuffle.entitlements */ = {isa = PBXFileReference; lastKnownFileType = text.plist.entitlements; path = Musixuffle.entitlements; sourceTree = "<group>"; };
		561DC569210690CB00F68C23 /* HealthKit.framework */ = {isa = PBXFileReference; lastKnownFileType = wrapper.framework; name = HealthKit.framework; path = System/Library/Frameworks/HealthKit.framework; sourceTree = SDKROOT; };
		561DC5702106996400F68C23 /* MXInterfaceController.h */ = {isa = PBXFileReference; lastKnownFileType = sourcecode.c.h; path = MXInterfaceController.h; sourceTree = "<group>"; };
		561DC5712106996400F68C23 /* MXInterfaceController.m */ = {isa = PBXFileReference; lastKnownFileType = sourcecode.c.objc; path = MXInterfaceController.m; sourceTree = "<group>"; };
		561DC57221069AD800F68C23 /* ExtensionDelegate.h */ = {isa = PBXFileReference; fileEncoding = 4; lastKnownFileType = sourcecode.c.h; path = ExtensionDelegate.h; sourceTree = "<group>"; };
		561DC57321069AD800F68C23 /* ExtensionDelegate.m */ = {isa = PBXFileReference; fileEncoding = 4; lastKnownFileType = sourcecode.c.objc; path = ExtensionDelegate.m; sourceTree = "<group>"; };
		561DC57621069CFC00F68C23 /* HealthKit.framework */ = {isa = PBXFileReference; lastKnownFileType = wrapper.framework; name = HealthKit.framework; path = Platforms/WatchOS.platform/Developer/SDKs/WatchOS4.3.sdk/System/Library/Frameworks/HealthKit.framework; sourceTree = DEVELOPER_DIR; };
		561DC57821069CFC00F68C23 /* Musixuffle WatchKit Extension.entitlements */ = {isa = PBXFileReference; lastKnownFileType = text.plist.entitlements; path = "Musixuffle WatchKit Extension.entitlements"; sourceTree = "<group>"; };
		563C7B8D2106EB49009C00C8 /* SpotifyMetadata.framework */ = {isa = PBXFileReference; lastKnownFileType = wrapper.framework; name = SpotifyMetadata.framework; path = Libs/SpotifyMetadata.framework; sourceTree = "<group>"; };
		563C7B8E2106EB49009C00C8 /* SpotifyAudioPlayback.framework */ = {isa = PBXFileReference; lastKnownFileType = wrapper.framework; name = SpotifyAudioPlayback.framework; path = Libs/SpotifyAudioPlayback.framework; sourceTree = "<group>"; };
		563C7B8F2106EB49009C00C8 /* SpotifyAuthentication.framework */ = {isa = PBXFileReference; lastKnownFileType = wrapper.framework; name = SpotifyAuthentication.framework; path = Libs/SpotifyAuthentication.framework; sourceTree = "<group>"; };
		5654E5A92106ECB500DF32B0 /* WebViewController.m */ = {isa = PBXFileReference; fileEncoding = 4; lastKnownFileType = sourcecode.c.objc; path = WebViewController.m; sourceTree = "<group>"; };
		5654E5AA2106ECB500DF32B0 /* WebViewController.h */ = {isa = PBXFileReference; fileEncoding = 4; lastKnownFileType = sourcecode.c.h; path = WebViewController.h; sourceTree = "<group>"; };
		7F3D7BCB5F18100BD89B5161 /* Pods_Musixuffle.framework */ = {isa = PBXFileReference; explicitFileType = wrapper.framework; includeInIndex = 0; path = Pods_Musixuffle.framework; sourceTree = BUILT_PRODUCTS_DIR; };
		990DD4D993E0D278420E5251 /* Pods_Musixuffle_WatchKit_Extension.framework */ = {isa = PBXFileReference; explicitFileType = wrapper.framework; includeInIndex = 0; path = Pods_Musixuffle_WatchKit_Extension.framework; sourceTree = BUILT_PRODUCTS_DIR; };
		C3D933CD5E24DF45E3149961 /* Pods-Musixuffle.release.xcconfig */ = {isa = PBXFileReference; includeInIndex = 1; lastKnownFileType = text.xcconfig; name = "Pods-Musixuffle.release.xcconfig"; path = "Pods/Target Support Files/Pods-Musixuffle/Pods-Musixuffle.release.xcconfig"; sourceTree = "<group>"; };
/* End PBXFileReference section */

/* Begin PBXFrameworksBuildPhase section */
		561DC52021068CEB00F68C23 /* Frameworks */ = {
			isa = PBXFrameworksBuildPhase;
			buildActionMask = 2147483647;
			files = (
				563C7B902106EB49009C00C8 /* SpotifyMetadata.framework in Frameworks */,
				563C7B922106EB49009C00C8 /* SpotifyAuthentication.framework in Frameworks */,
				561DC56A210690CB00F68C23 /* HealthKit.framework in Frameworks */,
				027D03E6EC54E6B3D209C236 /* Pods_Musixuffle.framework in Frameworks */,
				563C7B912106EB49009C00C8 /* SpotifyAudioPlayback.framework in Frameworks */,
			);
			runOnlyForDeploymentPostprocessing = 0;
		};
		561DC54521068CF200F68C23 /* Frameworks */ = {
			isa = PBXFrameworksBuildPhase;
			buildActionMask = 2147483647;
			files = (
				561DC57721069CFC00F68C23 /* HealthKit.framework in Frameworks */,
			);
			runOnlyForDeploymentPostprocessing = 0;
		};
		99936C95C74400E164B7FEEE /* Frameworks */ = {
			isa = PBXFrameworksBuildPhase;
			buildActionMask = 2147483647;
			files = (
			);
			runOnlyForDeploymentPostprocessing = 0;
		};
/* End PBXFrameworksBuildPhase section */

/* Begin PBXGroup section */
		561DC51A21068CEB00F68C23 = {
			isa = PBXGroup;
			children = (
				561DC52521068CEB00F68C23 /* Musixuffle */,
				561DC53D21068CF100F68C23 /* Musixuffle WatchKit App */,
				561DC54C21068CF200F68C23 /* Musixuffle WatchKit Extension */,
				561DC52421068CEB00F68C23 /* Products */,
				561DC568210690CB00F68C23 /* Frameworks */,
				E3212FE59A14CF8EC01D86E4 /* Pods */,
			);
			sourceTree = "<group>";
		};
		561DC52421068CEB00F68C23 /* Products */ = {
			isa = PBXGroup;
			children = (
				561DC52321068CEB00F68C23 /* Musixuffle.app */,
				561DC53921068CF100F68C23 /* Musixuffle WatchKit App.app */,
				561DC54821068CF200F68C23 /* Musixuffle WatchKit Extension.appex */,
			);
			name = Products;
			sourceTree = "<group>";
		};
		561DC52521068CEB00F68C23 /* Musixuffle */ = {
			isa = PBXGroup;
			children = (
				47BED4312107024E009FF862 /* Config.h */,
				5654E5AA2106ECB500DF32B0 /* WebViewController.h */,
				5654E5A92106ECB500DF32B0 /* WebViewController.m */,
				561DC567210690CB00F68C23 /* Musixuffle.entitlements */,
				561DC52621068CEC00F68C23 /* AppDelegate.h */,
				561DC52721068CEC00F68C23 /* AppDelegate.m */,
				561DC52C21068CEC00F68C23 /* Main.storyboard */,
				561DC52F21068CF100F68C23 /* Assets.xcassets */,
				561DC53121068CF100F68C23 /* LaunchScreen.storyboard */,
				561DC53421068CF100F68C23 /* Info.plist */,
				561DC53521068CF100F68C23 /* main.m */,
				471EA84A2106BB7C00FEB317 /* SpotifyAuthPage.h */,
				471EA84B2106BB7C00FEB317 /* SpotifyAuthPage.m */,
				47BD2BCF2107B25F00BA089B /* SpotifyAPIController.h */,
				47BD2BD02107B26000BA089B /* SpotifyAPIController.m */,
				47BD2BD22107B3D100BA089B /* TestViewController.h */,
				47BD2BD32107B3D100BA089B /* TestViewController.m */,
				47BD2BD52107C15200BA089B /* SplashScreenViewController.h */,
				47BD2BD62107C15200BA089B /* SplashScreenViewController.m */,
			);
			path = Musixuffle;
			sourceTree = "<group>";
		};
		561DC53D21068CF100F68C23 /* Musixuffle WatchKit App */ = {
			isa = PBXGroup;
			children = (
				561DC53E21068CF100F68C23 /* Interface.storyboard */,
				561DC54121068CF200F68C23 /* Assets.xcassets */,
				561DC54321068CF200F68C23 /* Info.plist */,
				561DC5702106996400F68C23 /* MXInterfaceController.h */,
				561DC5712106996400F68C23 /* MXInterfaceController.m */,
			);
			path = "Musixuffle WatchKit App";
			sourceTree = "<group>";
		};
		561DC54C21068CF200F68C23 /* Musixuffle WatchKit Extension */ = {
			isa = PBXGroup;
			children = (
				561DC57821069CFC00F68C23 /* Musixuffle WatchKit Extension.entitlements */,
				561DC57221069AD800F68C23 /* ExtensionDelegate.h */,
				561DC57321069AD800F68C23 /* ExtensionDelegate.m */,
				561DC55321068CF200F68C23 /* NotificationController.h */,
				561DC55421068CF200F68C23 /* NotificationController.m */,
				561DC55621068CF300F68C23 /* Assets.xcassets */,
				561DC55821068CF300F68C23 /* Info.plist */,
				561DC55921068CF300F68C23 /* PushNotificationPayload.apns */,
			);
			path = "Musixuffle WatchKit Extension";
			sourceTree = "<group>";
		};
		561DC568210690CB00F68C23 /* Frameworks */ = {
			isa = PBXGroup;
			children = (
				563C7B8E2106EB49009C00C8 /* SpotifyAudioPlayback.framework */,
				563C7B8F2106EB49009C00C8 /* SpotifyAuthentication.framework */,
				563C7B8D2106EB49009C00C8 /* SpotifyMetadata.framework */,
				473889BD2106B43E0004E3C1 /* SDWebImage.framework */,
				473889BB2106B36A0004E3C1 /* SDWebImage.framework */,
				473889B92106AF720004E3C1 /* SDWebImage.framework */,
				561DC57621069CFC00F68C23 /* HealthKit.framework */,
				561DC569210690CB00F68C23 /* HealthKit.framework */,
				7F3D7BCB5F18100BD89B5161 /* Pods_Musixuffle.framework */,
				387B6D15C4A79BBA9248E1CD /* Pods_Musixuffle_WatchKit_App.framework */,
				990DD4D993E0D278420E5251 /* Pods_Musixuffle_WatchKit_Extension.framework */,
			);
			name = Frameworks;
			sourceTree = "<group>";
		};
		E3212FE59A14CF8EC01D86E4 /* Pods */ = {
			isa = PBXGroup;
			children = (
				1A7CE944539608FBF0469AFA /* Pods-Musixuffle.debug.xcconfig */,
				C3D933CD5E24DF45E3149961 /* Pods-Musixuffle.release.xcconfig */,
			);
			name = Pods;
			sourceTree = "<group>";
		};
/* End PBXGroup section */

/* Begin PBXNativeTarget section */
		561DC52221068CEB00F68C23 /* Musixuffle */ = {
			isa = PBXNativeTarget;
			buildConfigurationList = 561DC56421068CF300F68C23 /* Build configuration list for PBXNativeTarget "Musixuffle" */;
			buildPhases = (
				3B94FAB5B35E3D70AFE595B7 /* [CP] Check Pods Manifest.lock */,
				561DC51F21068CEB00F68C23 /* Sources */,
				561DC52021068CEB00F68C23 /* Frameworks */,
				561DC52121068CEB00F68C23 /* Resources */,
				561DC56321068CF300F68C23 /* Embed Watch Content */,
				9D7EB0E60A03AC9BDC1D6B15 /* [CP] Embed Pods Frameworks */,
				43DE32E780A8FF5882C78001 /* [CP] Copy Pods Resources */,
			);
			buildRules = (
			);
			dependencies = (
				561DC53C21068CF100F68C23 /* PBXTargetDependency */,
			);
			name = Musixuffle;
			productName = Musixuffle;
			productReference = 561DC52321068CEB00F68C23 /* Musixuffle.app */;
			productType = "com.apple.product-type.application";
		};
		561DC53821068CF100F68C23 /* Musixuffle WatchKit App */ = {
			isa = PBXNativeTarget;
			buildConfigurationList = 561DC56021068CF300F68C23 /* Build configuration list for PBXNativeTarget "Musixuffle WatchKit App" */;
			buildPhases = (
				561DC53721068CF100F68C23 /* Resources */,
				561DC55F21068CF300F68C23 /* Embed App Extensions */,
				99936C95C74400E164B7FEEE /* Frameworks */,
			);
			buildRules = (
			);
			dependencies = (
				561DC54B21068CF200F68C23 /* PBXTargetDependency */,
			);
			name = "Musixuffle WatchKit App";
			productName = "Musixuffle WatchKit App";
			productReference = 561DC53921068CF100F68C23 /* Musixuffle WatchKit App.app */;
			productType = "com.apple.product-type.application.watchapp2";
		};
		561DC54721068CF200F68C23 /* Musixuffle WatchKit Extension */ = {
			isa = PBXNativeTarget;
			buildConfigurationList = 561DC55C21068CF300F68C23 /* Build configuration list for PBXNativeTarget "Musixuffle WatchKit Extension" */;
			buildPhases = (
				561DC54421068CF200F68C23 /* Sources */,
				561DC54521068CF200F68C23 /* Frameworks */,
				561DC54621068CF200F68C23 /* Resources */,
			);
			buildRules = (
			);
			dependencies = (
			);
			name = "Musixuffle WatchKit Extension";
			productName = "Musixuffle WatchKit Extension";
			productReference = 561DC54821068CF200F68C23 /* Musixuffle WatchKit Extension.appex */;
			productType = "com.apple.product-type.watchkit2-extension";
		};
/* End PBXNativeTarget section */

/* Begin PBXProject section */
		561DC51B21068CEB00F68C23 /* Project object */ = {
			isa = PBXProject;
			attributes = {
				LastUpgradeCheck = 0930;
				ORGANIZATIONNAME = Microsoft;
				TargetAttributes = {
					561DC52221068CEB00F68C23 = {
						CreatedOnToolsVersion = 9.3.1;
						SystemCapabilities = {
							com.apple.HealthKit = {
								enabled = 1;
							};
							com.apple.SafariKeychain = {
								enabled = 1;
							};
						};
					};
					561DC53821068CF100F68C23 = {
						CreatedOnToolsVersion = 9.3.1;
					};
					561DC54721068CF200F68C23 = {
						CreatedOnToolsVersion = 9.3.1;
						SystemCapabilities = {
							com.apple.HealthKit.watchos = {
								enabled = 1;
							};
						};
					};
				};
			};
			buildConfigurationList = 561DC51E21068CEB00F68C23 /* Build configuration list for PBXProject "Musixuffle" */;
			compatibilityVersion = "Xcode 9.3";
			developmentRegion = en;
			hasScannedForEncodings = 0;
			knownRegions = (
				en,
				Base,
			);
			mainGroup = 561DC51A21068CEB00F68C23;
			productRefGroup = 561DC52421068CEB00F68C23 /* Products */;
			projectDirPath = "";
			projectRoot = "";
			targets = (
				561DC52221068CEB00F68C23 /* Musixuffle */,
				561DC53821068CF100F68C23 /* Musixuffle WatchKit App */,
				561DC54721068CF200F68C23 /* Musixuffle WatchKit Extension */,
			);
		};
/* End PBXProject section */

/* Begin PBXResourcesBuildPhase section */
		561DC52121068CEB00F68C23 /* Resources */ = {
			isa = PBXResourcesBuildPhase;
			buildActionMask = 2147483647;
			files = (
				561DC53321068CF100F68C23 /* LaunchScreen.storyboard in Resources */,
				561DC53021068CF100F68C23 /* Assets.xcassets in Resources */,
				561DC52E21068CEC00F68C23 /* Main.storyboard in Resources */,
			);
			runOnlyForDeploymentPostprocessing = 0;
		};
		561DC53721068CF100F68C23 /* Resources */ = {
			isa = PBXResourcesBuildPhase;
			buildActionMask = 2147483647;
			files = (
				561DC54221068CF200F68C23 /* Assets.xcassets in Resources */,
				561DC54021068CF100F68C23 /* Interface.storyboard in Resources */,
			);
			runOnlyForDeploymentPostprocessing = 0;
		};
		561DC54621068CF200F68C23 /* Resources */ = {
			isa = PBXResourcesBuildPhase;
			buildActionMask = 2147483647;
			files = (
				561DC55721068CF300F68C23 /* Assets.xcassets in Resources */,
			);
			runOnlyForDeploymentPostprocessing = 0;
		};
/* End PBXResourcesBuildPhase section */

/* Begin PBXShellScriptBuildPhase section */
		3B94FAB5B35E3D70AFE595B7 /* [CP] Check Pods Manifest.lock */ = {
			isa = PBXShellScriptBuildPhase;
			buildActionMask = 2147483647;
			files = (
			);
			inputPaths = (
				"${PODS_PODFILE_DIR_PATH}/Podfile.lock",
				"${PODS_ROOT}/Manifest.lock",
			);
			name = "[CP] Check Pods Manifest.lock";
			outputPaths = (
				"$(DERIVED_FILE_DIR)/Pods-Musixuffle-checkManifestLockResult.txt",
			);
			runOnlyForDeploymentPostprocessing = 0;
			shellPath = /bin/sh;
			shellScript = "diff \"${PODS_PODFILE_DIR_PATH}/Podfile.lock\" \"${PODS_ROOT}/Manifest.lock\" > /dev/null\nif [ $? != 0 ] ; then\n    # print error to STDERR\n    echo \"error: The sandbox is not in sync with the Podfile.lock. Run 'pod install' or update your CocoaPods installation.\" >&2\n    exit 1\nfi\n# This output is used by Xcode 'outputs' to avoid re-running this script phase.\necho \"SUCCESS\" > \"${SCRIPT_OUTPUT_FILE_0}\"\n";
			showEnvVarsInLog = 0;
		};
		43DE32E780A8FF5882C78001 /* [CP] Copy Pods Resources */ = {
			isa = PBXShellScriptBuildPhase;
			buildActionMask = 2147483647;
			files = (
			);
			inputPaths = (
			);
			name = "[CP] Copy Pods Resources";
			outputPaths = (
			);
			runOnlyForDeploymentPostprocessing = 0;
			shellPath = /bin/sh;
			shellScript = "\"${SRCROOT}/Pods/Target Support Files/Pods-Musixuffle/Pods-Musixuffle-resources.sh\"\n";
			showEnvVarsInLog = 0;
		};
		9D7EB0E60A03AC9BDC1D6B15 /* [CP] Embed Pods Frameworks */ = {
			isa = PBXShellScriptBuildPhase;
			buildActionMask = 2147483647;
			files = (
			);
			inputPaths = (
				"${SRCROOT}/Pods/Target Support Files/Pods-Musixuffle/Pods-Musixuffle-frameworks.sh",
				"${BUILT_PRODUCTS_DIR}/AFNetworking/AFNetworking.framework",
				"${BUILT_PRODUCTS_DIR}/SDWebImage/SDWebImage.framework",
			);
			name = "[CP] Embed Pods Frameworks";
			outputPaths = (
				"${TARGET_BUILD_DIR}/${FRAMEWORKS_FOLDER_PATH}/AFNetworking.framework",
				"${TARGET_BUILD_DIR}/${FRAMEWORKS_FOLDER_PATH}/SDWebImage.framework",
			);
			runOnlyForDeploymentPostprocessing = 0;
			shellPath = /bin/sh;
			shellScript = "\"${SRCROOT}/Pods/Target Support Files/Pods-Musixuffle/Pods-Musixuffle-frameworks.sh\"\n";
			showEnvVarsInLog = 0;
		};
/* End PBXShellScriptBuildPhase section */

/* Begin PBXSourcesBuildPhase section */
		561DC51F21068CEB00F68C23 /* Sources */ = {
			isa = PBXSourcesBuildPhase;
			buildActionMask = 2147483647;
			files = (
				47BD2BD42107B3D100BA089B /* TestViewController.m in Sources */,
				47BD2BD72107C15200BA089B /* SplashScreenViewController.m in Sources */,
				47BD2BD12107B26000BA089B /* SpotifyAPIController.m in Sources */,
				561DC53621068CF100F68C23 /* main.m in Sources */,
				471EA84C2106BB7C00FEB317 /* SpotifyAuthPage.m in Sources */,
				561DC52821068CEC00F68C23 /* AppDelegate.m in Sources */,
				5654E5AB2106ECB500DF32B0 /* WebViewController.m in Sources */,
			);
			runOnlyForDeploymentPostprocessing = 0;
		};
		561DC54421068CF200F68C23 /* Sources */ = {
			isa = PBXSourcesBuildPhase;
			buildActionMask = 2147483647;
			files = (
				561DC57421069AD800F68C23 /* ExtensionDelegate.m in Sources */,
				561DC55521068CF200F68C23 /* NotificationController.m in Sources */,
				561DC57521069B2F00F68C23 /* MXInterfaceController.m in Sources */,
			);
			runOnlyForDeploymentPostprocessing = 0;
		};
/* End PBXSourcesBuildPhase section */

/* Begin PBXTargetDependency section */
		561DC53C21068CF100F68C23 /* PBXTargetDependency */ = {
			isa = PBXTargetDependency;
			target = 561DC53821068CF100F68C23 /* Musixuffle WatchKit App */;
			targetProxy = 561DC53B21068CF100F68C23 /* PBXContainerItemProxy */;
		};
		561DC54B21068CF200F68C23 /* PBXTargetDependency */ = {
			isa = PBXTargetDependency;
			target = 561DC54721068CF200F68C23 /* Musixuffle WatchKit Extension */;
			targetProxy = 561DC54A21068CF200F68C23 /* PBXContainerItemProxy */;
		};
/* End PBXTargetDependency section */

/* Begin PBXVariantGroup section */
		561DC52C21068CEC00F68C23 /* Main.storyboard */ = {
			isa = PBXVariantGroup;
			children = (
				561DC52D21068CEC00F68C23 /* Base */,
			);
			name = Main.storyboard;
			sourceTree = "<group>";
		};
		561DC53121068CF100F68C23 /* LaunchScreen.storyboard */ = {
			isa = PBXVariantGroup;
			children = (
				561DC53221068CF100F68C23 /* Base */,
			);
			name = LaunchScreen.storyboard;
			sourceTree = "<group>";
		};
		561DC53E21068CF100F68C23 /* Interface.storyboard */ = {
			isa = PBXVariantGroup;
			children = (
				561DC53F21068CF100F68C23 /* Base */,
			);
			name = Interface.storyboard;
			sourceTree = "<group>";
		};
/* End PBXVariantGroup section */

/* Begin XCBuildConfiguration section */
		561DC55A21068CF300F68C23 /* Debug */ = {
			isa = XCBuildConfiguration;
			buildSettings = {
				ALWAYS_SEARCH_USER_PATHS = NO;
				CLANG_ANALYZER_NONNULL = YES;
				CLANG_ANALYZER_NUMBER_OBJECT_CONVERSION = YES_AGGRESSIVE;
				CLANG_CXX_LANGUAGE_STANDARD = "gnu++14";
				CLANG_CXX_LIBRARY = "libc++";
				CLANG_ENABLE_MODULES = YES;
				CLANG_ENABLE_OBJC_ARC = YES;
				CLANG_ENABLE_OBJC_WEAK = YES;
				CLANG_WARN_BLOCK_CAPTURE_AUTORELEASING = YES;
				CLANG_WARN_BOOL_CONVERSION = YES;
				CLANG_WARN_COMMA = YES;
				CLANG_WARN_CONSTANT_CONVERSION = YES;
				CLANG_WARN_DEPRECATED_OBJC_IMPLEMENTATIONS = YES;
				CLANG_WARN_DIRECT_OBJC_ISA_USAGE = YES_ERROR;
				CLANG_WARN_DOCUMENTATION_COMMENTS = YES;
				CLANG_WARN_EMPTY_BODY = YES;
				CLANG_WARN_ENUM_CONVERSION = YES;
				CLANG_WARN_INFINITE_RECURSION = YES;
				CLANG_WARN_INT_CONVERSION = YES;
				CLANG_WARN_NON_LITERAL_NULL_CONVERSION = YES;
				CLANG_WARN_OBJC_IMPLICIT_RETAIN_SELF = YES;
				CLANG_WARN_OBJC_LITERAL_CONVERSION = YES;
				CLANG_WARN_OBJC_ROOT_CLASS = YES_ERROR;
				CLANG_WARN_RANGE_LOOP_ANALYSIS = YES;
				CLANG_WARN_STRICT_PROTOTYPES = YES;
				CLANG_WARN_SUSPICIOUS_MOVE = YES;
				CLANG_WARN_UNGUARDED_AVAILABILITY = YES_AGGRESSIVE;
				CLANG_WARN_UNREACHABLE_CODE = YES;
				CLANG_WARN__DUPLICATE_METHOD_MATCH = YES;
				CODE_SIGN_IDENTITY = "iPhone Developer";
				COPY_PHASE_STRIP = NO;
				DEBUG_INFORMATION_FORMAT = dwarf;
				ENABLE_STRICT_OBJC_MSGSEND = YES;
				ENABLE_TESTABILITY = YES;
				GCC_C_LANGUAGE_STANDARD = gnu11;
				GCC_DYNAMIC_NO_PIC = NO;
				GCC_NO_COMMON_BLOCKS = YES;
				GCC_OPTIMIZATION_LEVEL = 0;
				GCC_PREPROCESSOR_DEFINITIONS = (
					"DEBUG=1",
					"$(inherited)",
				);
				GCC_WARN_64_TO_32_BIT_CONVERSION = YES;
				GCC_WARN_ABOUT_RETURN_TYPE = YES_ERROR;
				GCC_WARN_UNDECLARED_SELECTOR = YES;
				GCC_WARN_UNINITIALIZED_AUTOS = YES_AGGRESSIVE;
				GCC_WARN_UNUSED_FUNCTION = YES;
				GCC_WARN_UNUSED_VARIABLE = YES;
				IPHONEOS_DEPLOYMENT_TARGET = 11.3;
				MTL_ENABLE_DEBUG_INFO = YES;
				ONLY_ACTIVE_ARCH = YES;
				SDKROOT = iphoneos;
			};
			name = Debug;
		};
		561DC55B21068CF300F68C23 /* Release */ = {
			isa = XCBuildConfiguration;
			buildSettings = {
				ALWAYS_SEARCH_USER_PATHS = NO;
				CLANG_ANALYZER_NONNULL = YES;
				CLANG_ANALYZER_NUMBER_OBJECT_CONVERSION = YES_AGGRESSIVE;
				CLANG_CXX_LANGUAGE_STANDARD = "gnu++14";
				CLANG_CXX_LIBRARY = "libc++";
				CLANG_ENABLE_MODULES = YES;
				CLANG_ENABLE_OBJC_ARC = YES;
				CLANG_ENABLE_OBJC_WEAK = YES;
				CLANG_WARN_BLOCK_CAPTURE_AUTORELEASING = YES;
				CLANG_WARN_BOOL_CONVERSION = YES;
				CLANG_WARN_COMMA = YES;
				CLANG_WARN_CONSTANT_CONVERSION = YES;
				CLANG_WARN_DEPRECATED_OBJC_IMPLEMENTATIONS = YES;
				CLANG_WARN_DIRECT_OBJC_ISA_USAGE = YES_ERROR;
				CLANG_WARN_DOCUMENTATION_COMMENTS = YES;
				CLANG_WARN_EMPTY_BODY = YES;
				CLANG_WARN_ENUM_CONVERSION = YES;
				CLANG_WARN_INFINITE_RECURSION = YES;
				CLANG_WARN_INT_CONVERSION = YES;
				CLANG_WARN_NON_LITERAL_NULL_CONVERSION = YES;
				CLANG_WARN_OBJC_IMPLICIT_RETAIN_SELF = YES;
				CLANG_WARN_OBJC_LITERAL_CONVERSION = YES;
				CLANG_WARN_OBJC_ROOT_CLASS = YES_ERROR;
				CLANG_WARN_RANGE_LOOP_ANALYSIS = YES;
				CLANG_WARN_STRICT_PROTOTYPES = YES;
				CLANG_WARN_SUSPICIOUS_MOVE = YES;
				CLANG_WARN_UNGUARDED_AVAILABILITY = YES_AGGRESSIVE;
				CLANG_WARN_UNREACHABLE_CODE = YES;
				CLANG_WARN__DUPLICATE_METHOD_MATCH = YES;
				CODE_SIGN_IDENTITY = "iPhone Developer";
				COPY_PHASE_STRIP = NO;
				DEBUG_INFORMATION_FORMAT = "dwarf-with-dsym";
				ENABLE_NS_ASSERTIONS = NO;
				ENABLE_STRICT_OBJC_MSGSEND = YES;
				GCC_C_LANGUAGE_STANDARD = gnu11;
				GCC_NO_COMMON_BLOCKS = YES;
				GCC_WARN_64_TO_32_BIT_CONVERSION = YES;
				GCC_WARN_ABOUT_RETURN_TYPE = YES_ERROR;
				GCC_WARN_UNDECLARED_SELECTOR = YES;
				GCC_WARN_UNINITIALIZED_AUTOS = YES_AGGRESSIVE;
				GCC_WARN_UNUSED_FUNCTION = YES;
				GCC_WARN_UNUSED_VARIABLE = YES;
				IPHONEOS_DEPLOYMENT_TARGET = 11.3;
				MTL_ENABLE_DEBUG_INFO = NO;
				SDKROOT = iphoneos;
				VALIDATE_PRODUCT = YES;
			};
			name = Release;
		};
		561DC55D21068CF300F68C23 /* Debug */ = {
			isa = XCBuildConfiguration;
			buildSettings = {
				ASSETCATALOG_COMPILER_COMPLICATION_NAME = Complication;
				CODE_SIGN_ENTITLEMENTS = "Musixuffle WatchKit Extension/Musixuffle WatchKit Extension.entitlements";
				CODE_SIGN_IDENTITY = "iPhone Developer";
				CODE_SIGN_STYLE = Manual;
				DEVELOPMENT_TEAM = "";
				INFOPLIST_FILE = "Musixuffle WatchKit Extension/Info.plist";
				LD_RUNPATH_SEARCH_PATHS = (
					"$(inherited)",
					"@executable_path/Frameworks",
					"@executable_path/../../Frameworks",
				);
				PRODUCT_BUNDLE_IDENTIFIER = com.MSFTHack.Musixuffle.watchkitapp.watchkitextension;
				PRODUCT_NAME = "${TARGET_NAME}";
				PROVISIONING_PROFILE_SPECIFIER = "";
				SDKROOT = watchos;
				SKIP_INSTALL = YES;
				TARGETED_DEVICE_FAMILY = 4;
				WATCHOS_DEPLOYMENT_TARGET = 4.3;
			};
			name = Debug;
		};
		561DC55E21068CF300F68C23 /* Release */ = {
			isa = XCBuildConfiguration;
			buildSettings = {
				ASSETCATALOG_COMPILER_COMPLICATION_NAME = Complication;
				CODE_SIGN_ENTITLEMENTS = "Musixuffle WatchKit Extension/Musixuffle WatchKit Extension.entitlements";
				CODE_SIGN_IDENTITY = "iPhone Developer";
				CODE_SIGN_STYLE = Manual;
				DEVELOPMENT_TEAM = "";
				INFOPLIST_FILE = "Musixuffle WatchKit Extension/Info.plist";
				LD_RUNPATH_SEARCH_PATHS = (
					"$(inherited)",
					"@executable_path/Frameworks",
					"@executable_path/../../Frameworks",
				);
				PRODUCT_BUNDLE_IDENTIFIER = com.MSFTHack.Musixuffle.watchkitapp.watchkitextension;
				PRODUCT_NAME = "${TARGET_NAME}";
				PROVISIONING_PROFILE_SPECIFIER = "";
				SDKROOT = watchos;
				SKIP_INSTALL = YES;
				TARGETED_DEVICE_FAMILY = 4;
				WATCHOS_DEPLOYMENT_TARGET = 4.3;
			};
			name = Release;
		};
		561DC56121068CF300F68C23 /* Debug */ = {
			isa = XCBuildConfiguration;
			buildSettings = {
				ASSETCATALOG_COMPILER_APPICON_NAME = AppIcon;
				CODE_SIGN_IDENTITY = "iPhone Developer";
				CODE_SIGN_STYLE = Manual;
				DEVELOPMENT_TEAM = "";
				IBSC_MODULE = Musixuffle_WatchKit_Extension;
				INFOPLIST_FILE = "Musixuffle WatchKit App/Info.plist";
				PRODUCT_BUNDLE_IDENTIFIER = com.MSFTHack.Musixuffle.watchkitapp;
				PRODUCT_NAME = "$(TARGET_NAME)";
				PROVISIONING_PROFILE_SPECIFIER = "";
				SDKROOT = watchos;
				SKIP_INSTALL = YES;
				TARGETED_DEVICE_FAMILY = 4;
				WATCHOS_DEPLOYMENT_TARGET = 4.3;
			};
			name = Debug;
		};
		561DC56221068CF300F68C23 /* Release */ = {
			isa = XCBuildConfiguration;
			buildSettings = {
				ASSETCATALOG_COMPILER_APPICON_NAME = AppIcon;
				CODE_SIGN_IDENTITY = "iPhone Developer";
				CODE_SIGN_STYLE = Manual;
				DEVELOPMENT_TEAM = "";
				IBSC_MODULE = Musixuffle_WatchKit_Extension;
				INFOPLIST_FILE = "Musixuffle WatchKit App/Info.plist";
				PRODUCT_BUNDLE_IDENTIFIER = com.MSFTHack.Musixuffle.watchkitapp;
				PRODUCT_NAME = "$(TARGET_NAME)";
				PROVISIONING_PROFILE_SPECIFIER = "";
				SDKROOT = watchos;
				SKIP_INSTALL = YES;
				TARGETED_DEVICE_FAMILY = 4;
				WATCHOS_DEPLOYMENT_TARGET = 4.3;
			};
			name = Release;
		};
		561DC56521068CF300F68C23 /* Debug */ = {
			isa = XCBuildConfiguration;
			baseConfigurationReference = 1A7CE944539608FBF0469AFA /* Pods-Musixuffle.debug.xcconfig */;
			buildSettings = {
				ASSETCATALOG_COMPILER_APPICON_NAME = AppIcon;
				CODE_SIGN_ENTITLEMENTS = Musixuffle/Musixuffle.entitlements;
				CODE_SIGN_IDENTITY = "iPhone Developer";
				CODE_SIGN_STYLE = Manual;
				DEVELOPMENT_TEAM = "";
				FRAMEWORK_SEARCH_PATHS = (
					"$(inherited)",
					"$(PROJECT_DIR)/Libs",
				);
				INFOPLIST_FILE = Musixuffle/Info.plist;
				LD_RUNPATH_SEARCH_PATHS = (
					"$(inherited)",
					"@executable_path/Frameworks",
				);
				PRODUCT_BUNDLE_IDENTIFIER = com.MSFTHack.Musixuffle;
				PRODUCT_NAME = "$(TARGET_NAME)";
				PROVISIONING_PROFILE_SPECIFIER = "";
				TARGETED_DEVICE_FAMILY = "1,2";
			};
			name = Debug;
		};
		561DC56621068CF300F68C23 /* Release */ = {
			isa = XCBuildConfiguration;
			baseConfigurationReference = C3D933CD5E24DF45E3149961 /* Pods-Musixuffle.release.xcconfig */;
			buildSettings = {
				ASSETCATALOG_COMPILER_APPICON_NAME = AppIcon;
				CODE_SIGN_ENTITLEMENTS = Musixuffle/Musixuffle.entitlements;
				CODE_SIGN_IDENTITY = "iPhone Developer";
				CODE_SIGN_STYLE = Manual;
				DEVELOPMENT_TEAM = "";
				FRAMEWORK_SEARCH_PATHS = (
					"$(inherited)",
					"$(PROJECT_DIR)/Libs",
				);
				INFOPLIST_FILE = Musixuffle/Info.plist;
				LD_RUNPATH_SEARCH_PATHS = (
					"$(inherited)",
					"@executable_path/Frameworks",
				);
				PRODUCT_BUNDLE_IDENTIFIER = com.MSFTHack.Musixuffle;
				PRODUCT_NAME = "$(TARGET_NAME)";
				PROVISIONING_PROFILE_SPECIFIER = "";
				TARGETED_DEVICE_FAMILY = "1,2";
			};
			name = Release;
		};
/* End XCBuildConfiguration section */

/* Begin XCConfigurationList section */
		561DC51E21068CEB00F68C23 /* Build configuration list for PBXProject "Musixuffle" */ = {
			isa = XCConfigurationList;
			buildConfigurations = (
				561DC55A21068CF300F68C23 /* Debug */,
				561DC55B21068CF300F68C23 /* Release */,
			);
			defaultConfigurationIsVisible = 0;
			defaultConfigurationName = Release;
		};
		561DC55C21068CF300F68C23 /* Build configuration list for PBXNativeTarget "Musixuffle WatchKit Extension" */ = {
			isa = XCConfigurationList;
			buildConfigurations = (
				561DC55D21068CF300F68C23 /* Debug */,
				561DC55E21068CF300F68C23 /* Release */,
			);
			defaultConfigurationIsVisible = 0;
			defaultConfigurationName = Release;
		};
		561DC56021068CF300F68C23 /* Build configuration list for PBXNativeTarget "Musixuffle WatchKit App" */ = {
			isa = XCConfigurationList;
			buildConfigurations = (
				561DC56121068CF300F68C23 /* Debug */,
				561DC56221068CF300F68C23 /* Release */,
			);
			defaultConfigurationIsVisible = 0;
			defaultConfigurationName = Release;
		};
		561DC56421068CF300F68C23 /* Build configuration list for PBXNativeTarget "Musixuffle" */ = {
			isa = XCConfigurationList;
			buildConfigurations = (
				561DC56521068CF300F68C23 /* Debug */,
				561DC56621068CF300F68C23 /* Release */,
			);
			defaultConfigurationIsVisible = 0;
			defaultConfigurationName = Release;
		};
/* End XCConfigurationList section */
	};
	rootObject = 561DC51B21068CEB00F68C23 /* Project object */;
}
